
Microsoft Visual Studio Solution File, Format Version 12.00
# Visual Studio Version 17
VisualStudioVersion = 17.1.32328.378
MinimumVisualStudioVersion = 10.0.40219.1
Project("{2150E333-8FDC-42A3-9474-1A3956D46DE8}") = "SelfServiceWebApp", "SelfServiceWebApp", "{2022503F-C48B-401D-9F6D-117A3650587C}"
EndProject
Project("{9A19103F-16F7-4668-BE54-9A1E7A4F7556}") = "WebApi", "exercise4 - Messaging\ConsumptionSubscriptionService\WebApi\WebApi.csproj", "{D8ABB72F-B23D-4856-8F66-A45522E963A1}"
EndProject
Project("{2150E333-8FDC-42A3-9474-1A3956D46DE8}") = "ConsumptionNotificationSubscriptionService", "ConsumptionNotificationSubscriptionService", "{D4E706AA-6303-471D-BCDF-FA77441B0E75}"
EndProject
Project("{9A19103F-16F7-4668-BE54-9A1E7A4F7556}") = "Contracts", "exercise4 - Messaging\ConsumptionSubscriptionService\Contracts\Contracts.csproj", "{0A484B52-2E82-4E5C-8ECF-3CC1029C386D}"
EndProject
Project("{2150E333-8FDC-42A3-9474-1A3956D46DE8}") = "CustomerProfileService", "CustomerProfileService", "{2A689821-CFE3-4F6C-BF38-1C2A44239D3C}"
EndProject
Project("{9A19103F-16F7-4668-BE54-9A1E7A4F7556}") = "WebApi", "exercise4 - Messaging\CustomerProfileService\WebApi\WebApi.csproj", "{2297549D-36A7-4BFB-9EF2-50B959271686}"
EndProject
Project("{9A19103F-16F7-4668-BE54-9A1E7A4F7556}") = "Contracts", "exercise4 - Messaging\CustomerProfileService\Contracts\Contracts.csproj", "{A17EFC4F-E908-47B7-BA4A-D8435585D8AF}"
EndProject
Project("{9A19103F-16F7-4668-BE54-9A1E7A4F7556}") = "Data", "exercise4 - Messaging\CustomerProfileService\Data\Data.csproj", "{26FB382D-B92D-401F-BA2A-8832026263A9}"
EndProject
Project("{9A19103F-16F7-4668-BE54-9A1E7A4F7556}") = "Models", "exercise4 - Messaging\CustomerProfileService\Models\Models.csproj", "{C92AFBF1-B8F7-42AC-8A1D-30535C7CAAFE}"
EndProject
Project("{9A19103F-16F7-4668-BE54-9A1E7A4F7556}") = "Data", "exercise4 - Messaging\ConsumptionSubscriptionService\Data\Data.csproj", "{E2B148D3-005B-441E-A860-081ACF6E9926}"
EndProject
Project("{9A19103F-16F7-4668-BE54-9A1E7A4F7556}") = "Models", "exercise4 - Messaging\ConsumptionSubscriptionService\Models\Models.csproj", "{5CC4E98F-E3D1-45C3-88AC-CF6781505777}"
EndProject
Project("{2150E333-8FDC-42A3-9474-1A3956D46DE8}") = "MeterReadingService", "MeterReadingService", "{6C6D2175-4EB7-4DB8-9A92-C13DBD7866A3}"
EndProject
Project("{9A19103F-16F7-4668-BE54-9A1E7A4F7556}") = "SmartMeter", "exercise4 - Messaging\MeterDataManagement\SmartMeter\SmartMeter.csproj", "{1FF209F9-F466-47DC-B1F0-8577078BFC4B}"
EndProject
Project("{9A19103F-16F7-4668-BE54-9A1E7A4F7556}") = "ApiGateway", "exercise3 - GRPC\SelfService.WebApp\ApiGateway\ApiGateway.csproj", "{88618CBB-79F5-4D17-B1C3-1B6E976D6645}"
EndProject
Project("{9A19103F-16F7-4668-BE54-9A1E7A4F7556}") = "Client", "exercise4 - Messaging\SelfService.WebApp\Client\Client.csproj", "{EA60061A-D78C-4503-8641-622370A9BEAD}"
EndProject
Project("{9A19103F-16F7-4668-BE54-9A1E7A4F7556}") = "Shared", "exercise4 - Messaging\SelfService.WebApp\Shared\Shared.csproj", "{D8B82537-5C61-4A3C-9169-411FB4D66504}"
EndProject
Project("{9A19103F-16F7-4668-BE54-9A1E7A4F7556}") = "WebApi", "exercise4 - Messaging\MeterDataManagement\MeterDataCollector\WebApi.csproj", "{4D1455C1-4DA5-472C-A012-C8EEF0605B3B}"
EndProject
Project("{FAE04EC0-301F-11D3-BF4B-00C04F79EFBC}") = "Data", "exercise4 - Messaging\MeterDataManagement\Data\Data.csproj", "{D7AB55BF-232F-4D2E-9215-FC4341E5B95B}"
EndProject
Project("{FAE04EC0-301F-11D3-BF4B-00C04F79EFBC}") = "Contracts", "exercise4 - Messaging\MeterDataManagement\Contracts\Contracts.csproj", "{101EEAE9-629C-474E-9AC3-D4C86FFA9286}"
EndProject
Project("{FAE04EC0-301F-11D3-BF4B-00C04F79EFBC}") = "Models", "exercise4 - Messaging\MeterDataManagement\Models\Models.csproj", "{605592C6-2856-4F3D-998C-EE5ED18D2907}"
EndProject
Global
	GlobalSection(SolutionConfigurationPlatforms) = preSolution
		Debug|Any CPU = Debug|Any CPU
		Release|Any CPU = Release|Any CPU
	EndGlobalSection
	GlobalSection(ProjectConfigurationPlatforms) = postSolution
		{D8ABB72F-B23D-4856-8F66-A45522E963A1}.Debug|Any CPU.ActiveCfg = Debug|Any CPU
		{D8ABB72F-B23D-4856-8F66-A45522E963A1}.Debug|Any CPU.Build.0 = Debug|Any CPU
		{D8ABB72F-B23D-4856-8F66-A45522E963A1}.Release|Any CPU.ActiveCfg = Release|Any CPU
		{D8ABB72F-B23D-4856-8F66-A45522E963A1}.Release|Any CPU.Build.0 = Release|Any CPU
		{0A484B52-2E82-4E5C-8ECF-3CC1029C386D}.Debug|Any CPU.ActiveCfg = Debug|Any CPU
		{0A484B52-2E82-4E5C-8ECF-3CC1029C386D}.Debug|Any CPU.Build.0 = Debug|Any CPU
		{0A484B52-2E82-4E5C-8ECF-3CC1029C386D}.Release|Any CPU.ActiveCfg = Release|Any CPU
		{0A484B52-2E82-4E5C-8ECF-3CC1029C386D}.Release|Any CPU.Build.0 = Release|Any CPU
		{2297549D-36A7-4BFB-9EF2-50B959271686}.Debug|Any CPU.ActiveCfg = Debug|Any CPU
		{2297549D-36A7-4BFB-9EF2-50B959271686}.Debug|Any CPU.Build.0 = Debug|Any CPU
		{2297549D-36A7-4BFB-9EF2-50B959271686}.Release|Any CPU.ActiveCfg = Release|Any CPU
		{2297549D-36A7-4BFB-9EF2-50B959271686}.Release|Any CPU.Build.0 = Release|Any CPU
		{A17EFC4F-E908-47B7-BA4A-D8435585D8AF}.Debug|Any CPU.ActiveCfg = Debug|Any CPU
		{A17EFC4F-E908-47B7-BA4A-D8435585D8AF}.Debug|Any CPU.Build.0 = Debug|Any CPU
		{A17EFC4F-E908-47B7-BA4A-D8435585D8AF}.Release|Any CPU.ActiveCfg = Release|Any CPU
		{A17EFC4F-E908-47B7-BA4A-D8435585D8AF}.Release|Any CPU.Build.0 = Release|Any CPU
		{26FB382D-B92D-401F-BA2A-8832026263A9}.Debug|Any CPU.ActiveCfg = Debug|Any CPU
		{26FB382D-B92D-401F-BA2A-8832026263A9}.Debug|Any CPU.Build.0 = Debug|Any CPU
		{26FB382D-B92D-401F-BA2A-8832026263A9}.Release|Any CPU.ActiveCfg = Release|Any CPU
		{26FB382D-B92D-401F-BA2A-8832026263A9}.Release|Any CPU.Build.0 = Release|Any CPU
		{C92AFBF1-B8F7-42AC-8A1D-30535C7CAAFE}.Debug|Any CPU.ActiveCfg = Debug|Any CPU
		{C92AFBF1-B8F7-42AC-8A1D-30535C7CAAFE}.Debug|Any CPU.Build.0 = Debug|Any CPU
		{C92AFBF1-B8F7-42AC-8A1D-30535C7CAAFE}.Release|Any CPU.ActiveCfg = Release|Any CPU
		{C92AFBF1-B8F7-42AC-8A1D-30535C7CAAFE}.Release|Any CPU.Build.0 = Release|Any CPU
		{E2B148D3-005B-441E-A860-081ACF6E9926}.Debug|Any CPU.ActiveCfg = Debug|Any CPU
		{E2B148D3-005B-441E-A860-081ACF6E9926}.Debug|Any CPU.Build.0 = Debug|Any CPU
		{E2B148D3-005B-441E-A860-081ACF6E9926}.Release|Any CPU.ActiveCfg = Release|Any CPU
		{E2B148D3-005B-441E-A860-081ACF6E9926}.Release|Any CPU.Build.0 = Release|Any CPU
		{5CC4E98F-E3D1-45C3-88AC-CF6781505777}.Debug|Any CPU.ActiveCfg = Debug|Any CPU
		{5CC4E98F-E3D1-45C3-88AC-CF6781505777}.Debug|Any CPU.Build.0 = Debug|Any CPU
		{5CC4E98F-E3D1-45C3-88AC-CF6781505777}.Release|Any CPU.ActiveCfg = Release|Any CPU
		{5CC4E98F-E3D1-45C3-88AC-CF6781505777}.Release|Any CPU.Build.0 = Release|Any CPU
		{1FF209F9-F466-47DC-B1F0-8577078BFC4B}.Debug|Any CPU.ActiveCfg = Debug|Any CPU
		{1FF209F9-F466-47DC-B1F0-8577078BFC4B}.Debug|Any CPU.Build.0 = Debug|Any CPU
		{1FF209F9-F466-47DC-B1F0-8577078BFC4B}.Release|Any CPU.ActiveCfg = Release|Any CPU
		{1FF209F9-F466-47DC-B1F0-8577078BFC4B}.Release|Any CPU.Build.0 = Release|Any CPU
		{88618CBB-79F5-4D17-B1C3-1B6E976D6645}.Debug|Any CPU.ActiveCfg = Debug|Any CPU
		{88618CBB-79F5-4D17-B1C3-1B6E976D6645}.Debug|Any CPU.Build.0 = Debug|Any CPU
		{88618CBB-79F5-4D17-B1C3-1B6E976D6645}.Release|Any CPU.ActiveCfg = Release|Any CPU
		{88618CBB-79F5-4D17-B1C3-1B6E976D6645}.Release|Any CPU.Build.0 = Release|Any CPU
		{EA60061A-D78C-4503-8641-622370A9BEAD}.Debug|Any CPU.ActiveCfg = Debug|Any CPU
		{EA60061A-D78C-4503-8641-622370A9BEAD}.Debug|Any CPU.Build.0 = Debug|Any CPU
		{EA60061A-D78C-4503-8641-622370A9BEAD}.Release|Any CPU.ActiveCfg = Release|Any CPU
		{EA60061A-D78C-4503-8641-622370A9BEAD}.Release|Any CPU.Build.0 = Release|Any CPU
		{D8B82537-5C61-4A3C-9169-411FB4D66504}.Debug|Any CPU.ActiveCfg = Debug|Any CPU
		{D8B82537-5C61-4A3C-9169-411FB4D66504}.Debug|Any CPU.Build.0 = Debug|Any CPU
		{D8B82537-5C61-4A3C-9169-411FB4D66504}.Release|Any CPU.ActiveCfg = Release|Any CPU
		{D8B82537-5C61-4A3C-9169-411FB4D66504}.Release|Any CPU.Build.0 = Release|Any CPU
		{4D1455C1-4DA5-472C-A012-C8EEF0605B3B}.Debug|Any CPU.ActiveCfg = Debug|Any CPU
		{4D1455C1-4DA5-472C-A012-C8EEF0605B3B}.Debug|Any CPU.Build.0 = Debug|Any CPU
		{4D1455C1-4DA5-472C-A012-C8EEF0605B3B}.Release|Any CPU.ActiveCfg = Release|Any CPU
		{4D1455C1-4DA5-472C-A012-C8EEF0605B3B}.Release|Any CPU.Build.0 = Release|Any CPU
		{D7AB55BF-232F-4D2E-9215-FC4341E5B95B}.Debug|Any CPU.ActiveCfg = Debug|Any CPU
		{D7AB55BF-232F-4D2E-9215-FC4341E5B95B}.Debug|Any CPU.Build.0 = Debug|Any CPU
		{D7AB55BF-232F-4D2E-9215-FC4341E5B95B}.Release|Any CPU.ActiveCfg = Release|Any CPU
		{D7AB55BF-232F-4D2E-9215-FC4341E5B95B}.Release|Any CPU.Build.0 = Release|Any CPU
		{101EEAE9-629C-474E-9AC3-D4C86FFA9286}.Debug|Any CPU.ActiveCfg = Debug|Any CPU
		{101EEAE9-629C-474E-9AC3-D4C86FFA9286}.Debug|Any CPU.Build.0 = Debug|Any CPU
		{101EEAE9-629C-474E-9AC3-D4C86FFA9286}.Release|Any CPU.ActiveCfg = Release|Any CPU
		{101EEAE9-629C-474E-9AC3-D4C86FFA9286}.Release|Any CPU.Build.0 = Release|Any CPU
		{605592C6-2856-4F3D-998C-EE5ED18D2907}.Debug|Any CPU.ActiveCfg = Debug|Any CPU
		{605592C6-2856-4F3D-998C-EE5ED18D2907}.Debug|Any CPU.Build.0 = Debug|Any CPU
		{605592C6-2856-4F3D-998C-EE5ED18D2907}.Release|Any CPU.ActiveCfg = Release|Any CPU
		{605592C6-2856-4F3D-998C-EE5ED18D2907}.Release|Any CPU.Build.0 = Release|Any CPU
	EndGlobalSection
	GlobalSection(SolutionProperties) = preSolution
		HideSolutionNode = FALSE
	EndGlobalSection
	GlobalSection(NestedProjects) = preSolution
		{D8ABB72F-B23D-4856-8F66-A45522E963A1} = {D4E706AA-6303-471D-BCDF-FA77441B0E75}
		{0A484B52-2E82-4E5C-8ECF-3CC1029C386D} = {D4E706AA-6303-471D-BCDF-FA77441B0E75}
		{2297549D-36A7-4BFB-9EF2-50B959271686} = {2A689821-CFE3-4F6C-BF38-1C2A44239D3C}
		{A17EFC4F-E908-47B7-BA4A-D8435585D8AF} = {2A689821-CFE3-4F6C-BF38-1C2A44239D3C}
		{26FB382D-B92D-401F-BA2A-8832026263A9} = {2A689821-CFE3-4F6C-BF38-1C2A44239D3C}
		{C92AFBF1-B8F7-42AC-8A1D-30535C7CAAFE} = {2A689821-CFE3-4F6C-BF38-1C2A44239D3C}
		{E2B148D3-005B-441E-A860-081ACF6E9926} = {D4E706AA-6303-471D-BCDF-FA77441B0E75}
		{5CC4E98F-E3D1-45C3-88AC-CF6781505777} = {D4E706AA-6303-471D-BCDF-FA77441B0E75}
		{88618CBB-79F5-4D17-B1C3-1B6E976D6645} = {2022503F-C48B-401D-9F6D-117A3650587C}
		{EA60061A-D78C-4503-8641-622370A9BEAD} = {2022503F-C48B-401D-9F6D-117A3650587C}
		{D8B82537-5C61-4A3C-9169-411FB4D66504} = {2022503F-C48B-401D-9F6D-117A3650587C}
		{4D1455C1-4DA5-472C-A012-C8EEF0605B3B} = {6C6D2175-4EB7-4DB8-9A92-C13DBD7866A3}
		{D7AB55BF-232F-4D2E-9215-FC4341E5B95B} = {6C6D2175-4EB7-4DB8-9A92-C13DBD7866A3}
		{101EEAE9-629C-474E-9AC3-D4C86FFA9286} = {6C6D2175-4EB7-4DB8-9A92-C13DBD7866A3}
		{605592C6-2856-4F3D-998C-EE5ED18D2907} = {6C6D2175-4EB7-4DB8-9A92-C13DBD7866A3}
	EndGlobalSection
	GlobalSection(ExtensibilityGlobals) = postSolution
		SolutionGuid = {6765891C-426F-4410-8BF6-420089B76037}
	EndGlobalSection
EndGlobal
