
Microsoft Visual Studio Solution File, Format Version 12.00
# Visual Studio Version 17
VisualStudioVersion = 17.1.32328.378
MinimumVisualStudioVersion = 10.0.40219.1
Project("{2150E333-8FDC-42A3-9474-1A3956D46DE8}") = "SelfServiceWebApp", "SelfServiceWebApp", "{2022503F-C48B-401D-9F6D-117A3650587C}"
EndProject
Project("{9A19103F-16F7-4668-BE54-9A1E7A4F7556}") = "WebApi", "exercise6 - Robustness and Logging\ConsumptionSubscriptionService\WebApi\WebApi.csproj", "{D8ABB72F-B23D-4856-8F66-A45522E963A1}"
EndProject
Project("{2150E333-8FDC-42A3-9474-1A3956D46DE8}") = "ConsumptionNotificationSubscriptionService", "ConsumptionNotificationSubscriptionService", "{D4E706AA-6303-471D-BCDF-FA77441B0E75}"
EndProject
Project("{9A19103F-16F7-4668-BE54-9A1E7A4F7556}") = "Contracts", "exercise6 - Robustness and Logging\ConsumptionSubscriptionService\Contracts\Contracts.csproj", "{0A484B52-2E82-4E5C-8ECF-3CC1029C386D}"
EndProject
Project("{2150E333-8FDC-42A3-9474-1A3956D46DE8}") = "CustomerProfileService", "CustomerProfileService", "{2A689821-CFE3-4F6C-BF38-1C2A44239D3C}"
EndProject
Project("{9A19103F-16F7-4668-BE54-9A1E7A4F7556}") = "WebApi", "exercise6 - Robustness and Logging\CustomerProfileService\WebApi\WebApi.csproj", "{2297549D-36A7-4BFB-9EF2-50B959271686}"
EndProject
Project("{9A19103F-16F7-4668-BE54-9A1E7A4F7556}") = "Contracts.v1.0", "exercise6 - Robustness and Logging\CustomerProfileService\Contracts\Contracts.v1.0.csproj", "{A17EFC4F-E908-47B7-BA4A-D8435585D8AF}"
EndProject
Project("{9A19103F-16F7-4668-BE54-9A1E7A4F7556}") = "Data", "exercise6 - Robustness and Logging\CustomerProfileService\Data\Data.csproj", "{26FB382D-B92D-401F-BA2A-8832026263A9}"
EndProject
Project("{9A19103F-16F7-4668-BE54-9A1E7A4F7556}") = "Models", "exercise6 - Robustness and Logging\CustomerProfileService\Models\Models.csproj", "{C92AFBF1-B8F7-42AC-8A1D-30535C7CAAFE}"
EndProject
Project("{9A19103F-16F7-4668-BE54-9A1E7A4F7556}") = "Data", "exercise6 - Robustness and Logging\ConsumptionSubscriptionService\Data\Data.csproj", "{E2B148D3-005B-441E-A860-081ACF6E9926}"
EndProject
Project("{9A19103F-16F7-4668-BE54-9A1E7A4F7556}") = "Models", "exercise6 - Robustness and Logging\ConsumptionSubscriptionService\Models\Models.csproj", "{5CC4E98F-E3D1-45C3-88AC-CF6781505777}"
EndProject
Project("{2150E333-8FDC-42A3-9474-1A3956D46DE8}") = "MeterReadingService", "MeterReadingService", "{6C6D2175-4EB7-4DB8-9A92-C13DBD7866A3}"
EndProject
Project("{9A19103F-16F7-4668-BE54-9A1E7A4F7556}") = "Client", "exercise6 - Robustness and Logging\SelfService.WebApp\Client\Client.csproj", "{EA60061A-D78C-4503-8641-622370A9BEAD}"
EndProject
Project("{9A19103F-16F7-4668-BE54-9A1E7A4F7556}") = "Shared", "exercise6 - Robustness and Logging\SelfService.WebApp\Shared\Shared.csproj", "{D8B82537-5C61-4A3C-9169-411FB4D66504}"
EndProject
Project("{9A19103F-16F7-4668-BE54-9A1E7A4F7556}") = "SmartMeter", "exercise6 - Robustness and Logging\SmartMeter\SmartMeter.csproj", "{179EA1D4-805C-43EA-893F-49789B8D3D6D}"
EndProject
Project("{9A19103F-16F7-4668-BE54-9A1E7A4F7556}") = "Contracts", "exercise6 - Robustness and Logging\MeterReadingService\Contracts\Contracts.csproj", "{BE42162B-E0BA-4C27-819B-0EDB660201ED}"
EndProject
Project("{9A19103F-16F7-4668-BE54-9A1E7A4F7556}") = "Data", "exercise6 - Robustness and Logging\MeterReadingService\Data\Data.csproj", "{E257BA2E-30FC-4190-9758-944FDA0EDC7E}"
EndProject
Project("{9A19103F-16F7-4668-BE54-9A1E7A4F7556}") = "Models", "exercise6 - Robustness and Logging\MeterReadingService\Models\Models.csproj", "{101D81EB-00AA-460C-A7CC-C02141B2D3C6}"
EndProject
Project("{9A19103F-16F7-4668-BE54-9A1E7A4F7556}") = "WebApi", "exercise6 - Robustness and Logging\MeterReadingService\WebApi\WebApi.csproj", "{60B3AE47-B42E-4FD7-9130-69EC812511DA}"
EndProject
Project("{9A19103F-16F7-4668-BE54-9A1E7A4F7556}") = "ApiGateway", "exercise6 - Robustness and Logging\SelfService.WebApp\ApiGateway\ApiGateway.csproj", "{C713D3E7-B0A4-401D-9148-C81627C3E69A}"
EndProject
Project("{2150E333-8FDC-42A3-9474-1A3956D46DE8}") = "Shared", "Shared", "{083672EE-9840-4034-8952-8EFF62E2E281}"
EndProject
Project("{FAE04EC0-301F-11D3-BF4B-00C04F79EFBC}") = "Logging", "exercise6 - Robustness and Logging\Shared\Shared.Logging\Logging.csproj", "{0A820055-6464-4DD1-B7CA-8DE1BD656907}"
EndProject
Global
	GlobalSection(SolutionConfigurationPlatforms) = preSolution
		Debug|Any CPU = Debug|Any CPU
		Release|Any CPU = Release|Any CPU
	EndGlobalSection
	GlobalSection(ProjectConfigurationPlatforms) = postSolution
		{D8ABB72F-B23D-4856-8F66-A45522E963A1}.Debug|Any CPU.ActiveCfg = Debug|Any CPU
		{D8ABB72F-B23D-4856-8F66-A45522E963A1}.Debug|Any CPU.Build.0 = Debug|Any CPU
		{D8ABB72F-B23D-4856-8F66-A45522E963A1}.Release|Any CPU.ActiveCfg = Release|Any CPU
		{D8ABB72F-B23D-4856-8F66-A45522E963A1}.Release|Any CPU.Build.0 = Release|Any CPU
		{0A484B52-2E82-4E5C-8ECF-3CC1029C386D}.Debug|Any CPU.ActiveCfg = Debug|Any CPU
		{0A484B52-2E82-4E5C-8ECF-3CC1029C386D}.Debug|Any CPU.Build.0 = Debug|Any CPU
		{0A484B52-2E82-4E5C-8ECF-3CC1029C386D}.Release|Any CPU.ActiveCfg = Release|Any CPU
		{0A484B52-2E82-4E5C-8ECF-3CC1029C386D}.Release|Any CPU.Build.0 = Release|Any CPU
		{2297549D-36A7-4BFB-9EF2-50B959271686}.Debug|Any CPU.ActiveCfg = Debug|Any CPU
		{2297549D-36A7-4BFB-9EF2-50B959271686}.Debug|Any CPU.Build.0 = Debug|Any CPU
		{2297549D-36A7-4BFB-9EF2-50B959271686}.Release|Any CPU.ActiveCfg = Release|Any CPU
		{2297549D-36A7-4BFB-9EF2-50B959271686}.Release|Any CPU.Build.0 = Release|Any CPU
		{A17EFC4F-E908-47B7-BA4A-D8435585D8AF}.Debug|Any CPU.ActiveCfg = Debug|Any CPU
		{A17EFC4F-E908-47B7-BA4A-D8435585D8AF}.Debug|Any CPU.Build.0 = Debug|Any CPU
		{A17EFC4F-E908-47B7-BA4A-D8435585D8AF}.Release|Any CPU.ActiveCfg = Release|Any CPU
		{A17EFC4F-E908-47B7-BA4A-D8435585D8AF}.Release|Any CPU.Build.0 = Release|Any CPU
		{26FB382D-B92D-401F-BA2A-8832026263A9}.Debug|Any CPU.ActiveCfg = Debug|Any CPU
		{26FB382D-B92D-401F-BA2A-8832026263A9}.Debug|Any CPU.Build.0 = Debug|Any CPU
		{26FB382D-B92D-401F-BA2A-8832026263A9}.Release|Any CPU.ActiveCfg = Release|Any CPU
		{26FB382D-B92D-401F-BA2A-8832026263A9}.Release|Any CPU.Build.0 = Release|Any CPU
		{C92AFBF1-B8F7-42AC-8A1D-30535C7CAAFE}.Debug|Any CPU.ActiveCfg = Debug|Any CPU
		{C92AFBF1-B8F7-42AC-8A1D-30535C7CAAFE}.Debug|Any CPU.Build.0 = Debug|Any CPU
		{C92AFBF1-B8F7-42AC-8A1D-30535C7CAAFE}.Release|Any CPU.ActiveCfg = Release|Any CPU
		{C92AFBF1-B8F7-42AC-8A1D-30535C7CAAFE}.Release|Any CPU.Build.0 = Release|Any CPU
		{E2B148D3-005B-441E-A860-081ACF6E9926}.Debug|Any CPU.ActiveCfg = Debug|Any CPU
		{E2B148D3-005B-441E-A860-081ACF6E9926}.Debug|Any CPU.Build.0 = Debug|Any CPU
		{E2B148D3-005B-441E-A860-081ACF6E9926}.Release|Any CPU.ActiveCfg = Release|Any CPU
		{E2B148D3-005B-441E-A860-081ACF6E9926}.Release|Any CPU.Build.0 = Release|Any CPU
		{5CC4E98F-E3D1-45C3-88AC-CF6781505777}.Debug|Any CPU.ActiveCfg = Debug|Any CPU
		{5CC4E98F-E3D1-45C3-88AC-CF6781505777}.Debug|Any CPU.Build.0 = Debug|Any CPU
		{5CC4E98F-E3D1-45C3-88AC-CF6781505777}.Release|Any CPU.ActiveCfg = Release|Any CPU
		{5CC4E98F-E3D1-45C3-88AC-CF6781505777}.Release|Any CPU.Build.0 = Release|Any CPU
		{EA60061A-D78C-4503-8641-622370A9BEAD}.Debug|Any CPU.ActiveCfg = Debug|Any CPU
		{EA60061A-D78C-4503-8641-622370A9BEAD}.Debug|Any CPU.Build.0 = Debug|Any CPU
		{EA60061A-D78C-4503-8641-622370A9BEAD}.Release|Any CPU.ActiveCfg = Release|Any CPU
		{EA60061A-D78C-4503-8641-622370A9BEAD}.Release|Any CPU.Build.0 = Release|Any CPU
		{D8B82537-5C61-4A3C-9169-411FB4D66504}.Debug|Any CPU.ActiveCfg = Debug|Any CPU
		{D8B82537-5C61-4A3C-9169-411FB4D66504}.Debug|Any CPU.Build.0 = Debug|Any CPU
		{D8B82537-5C61-4A3C-9169-411FB4D66504}.Release|Any CPU.ActiveCfg = Release|Any CPU
		{D8B82537-5C61-4A3C-9169-411FB4D66504}.Release|Any CPU.Build.0 = Release|Any CPU
		{179EA1D4-805C-43EA-893F-49789B8D3D6D}.Debug|Any CPU.ActiveCfg = Debug|Any CPU
		{179EA1D4-805C-43EA-893F-49789B8D3D6D}.Debug|Any CPU.Build.0 = Debug|Any CPU
		{179EA1D4-805C-43EA-893F-49789B8D3D6D}.Release|Any CPU.ActiveCfg = Release|Any CPU
		{179EA1D4-805C-43EA-893F-49789B8D3D6D}.Release|Any CPU.Build.0 = Release|Any CPU
		{BE42162B-E0BA-4C27-819B-0EDB660201ED}.Debug|Any CPU.ActiveCfg = Debug|Any CPU
		{BE42162B-E0BA-4C27-819B-0EDB660201ED}.Debug|Any CPU.Build.0 = Debug|Any CPU
		{BE42162B-E0BA-4C27-819B-0EDB660201ED}.Release|Any CPU.ActiveCfg = Release|Any CPU
		{BE42162B-E0BA-4C27-819B-0EDB660201ED}.Release|Any CPU.Build.0 = Release|Any CPU
		{E257BA2E-30FC-4190-9758-944FDA0EDC7E}.Debug|Any CPU.ActiveCfg = Debug|Any CPU
		{E257BA2E-30FC-4190-9758-944FDA0EDC7E}.Debug|Any CPU.Build.0 = Debug|Any CPU
		{E257BA2E-30FC-4190-9758-944FDA0EDC7E}.Release|Any CPU.ActiveCfg = Release|Any CPU
		{E257BA2E-30FC-4190-9758-944FDA0EDC7E}.Release|Any CPU.Build.0 = Release|Any CPU
		{101D81EB-00AA-460C-A7CC-C02141B2D3C6}.Debug|Any CPU.ActiveCfg = Debug|Any CPU
		{101D81EB-00AA-460C-A7CC-C02141B2D3C6}.Debug|Any CPU.Build.0 = Debug|Any CPU
		{101D81EB-00AA-460C-A7CC-C02141B2D3C6}.Release|Any CPU.ActiveCfg = Release|Any CPU
		{101D81EB-00AA-460C-A7CC-C02141B2D3C6}.Release|Any CPU.Build.0 = Release|Any CPU
		{60B3AE47-B42E-4FD7-9130-69EC812511DA}.Debug|Any CPU.ActiveCfg = Debug|Any CPU
		{60B3AE47-B42E-4FD7-9130-69EC812511DA}.Debug|Any CPU.Build.0 = Debug|Any CPU
		{60B3AE47-B42E-4FD7-9130-69EC812511DA}.Release|Any CPU.ActiveCfg = Release|Any CPU
		{60B3AE47-B42E-4FD7-9130-69EC812511DA}.Release|Any CPU.Build.0 = Release|Any CPU
		{C713D3E7-B0A4-401D-9148-C81627C3E69A}.Debug|Any CPU.ActiveCfg = Debug|Any CPU
		{C713D3E7-B0A4-401D-9148-C81627C3E69A}.Debug|Any CPU.Build.0 = Debug|Any CPU
		{C713D3E7-B0A4-401D-9148-C81627C3E69A}.Release|Any CPU.ActiveCfg = Release|Any CPU
		{C713D3E7-B0A4-401D-9148-C81627C3E69A}.Release|Any CPU.Build.0 = Release|Any CPU
		{0A820055-6464-4DD1-B7CA-8DE1BD656907}.Debug|Any CPU.ActiveCfg = Debug|Any CPU
		{0A820055-6464-4DD1-B7CA-8DE1BD656907}.Debug|Any CPU.Build.0 = Debug|Any CPU
		{0A820055-6464-4DD1-B7CA-8DE1BD656907}.Release|Any CPU.ActiveCfg = Release|Any CPU
		{0A820055-6464-4DD1-B7CA-8DE1BD656907}.Release|Any CPU.Build.0 = Release|Any CPU
	EndGlobalSection
	GlobalSection(SolutionProperties) = preSolution
		HideSolutionNode = FALSE
	EndGlobalSection
	GlobalSection(NestedProjects) = preSolution
		{D8ABB72F-B23D-4856-8F66-A45522E963A1} = {D4E706AA-6303-471D-BCDF-FA77441B0E75}
		{0A484B52-2E82-4E5C-8ECF-3CC1029C386D} = {D4E706AA-6303-471D-BCDF-FA77441B0E75}
		{2297549D-36A7-4BFB-9EF2-50B959271686} = {2A689821-CFE3-4F6C-BF38-1C2A44239D3C}
		{A17EFC4F-E908-47B7-BA4A-D8435585D8AF} = {2A689821-CFE3-4F6C-BF38-1C2A44239D3C}
		{26FB382D-B92D-401F-BA2A-8832026263A9} = {2A689821-CFE3-4F6C-BF38-1C2A44239D3C}
		{C92AFBF1-B8F7-42AC-8A1D-30535C7CAAFE} = {2A689821-CFE3-4F6C-BF38-1C2A44239D3C}
		{E2B148D3-005B-441E-A860-081ACF6E9926} = {D4E706AA-6303-471D-BCDF-FA77441B0E75}
		{5CC4E98F-E3D1-45C3-88AC-CF6781505777} = {D4E706AA-6303-471D-BCDF-FA77441B0E75}
		{EA60061A-D78C-4503-8641-622370A9BEAD} = {2022503F-C48B-401D-9F6D-117A3650587C}
		{D8B82537-5C61-4A3C-9169-411FB4D66504} = {2022503F-C48B-401D-9F6D-117A3650587C}
		{BE42162B-E0BA-4C27-819B-0EDB660201ED} = {6C6D2175-4EB7-4DB8-9A92-C13DBD7866A3}
		{E257BA2E-30FC-4190-9758-944FDA0EDC7E} = {6C6D2175-4EB7-4DB8-9A92-C13DBD7866A3}
		{101D81EB-00AA-460C-A7CC-C02141B2D3C6} = {6C6D2175-4EB7-4DB8-9A92-C13DBD7866A3}
		{60B3AE47-B42E-4FD7-9130-69EC812511DA} = {6C6D2175-4EB7-4DB8-9A92-C13DBD7866A3}
		{C713D3E7-B0A4-401D-9148-C81627C3E69A} = {2022503F-C48B-401D-9F6D-117A3650587C}
		{0A820055-6464-4DD1-B7CA-8DE1BD656907} = {083672EE-9840-4034-8952-8EFF62E2E281}
	EndGlobalSection
	GlobalSection(ExtensibilityGlobals) = postSolution
		SolutionGuid = {6765891C-426F-4410-8BF6-420089B76037}
	EndGlobalSection
EndGlobal
