
Microsoft Visual Studio Solution File, Format Version 12.00
# Visual Studio Version 17
VisualStudioVersion = 17.1.32328.378
MinimumVisualStudioVersion = 10.0.40219.1
Project("{9A19103F-16F7-4668-BE54-9A1E7A4F7556}") = "SelfService.WebApp.Server", "exercise1\SelfService.WebApp\Server\SelfService.WebApp.Server.csproj", "{F876B540-6AA4-4AAD-B891-A9AC9F03F60A}"
EndProject
Project("{9A19103F-16F7-4668-BE54-9A1E7A4F7556}") = "SelfService.WebApp.Client", "exercise1\SelfService.WebApp\Client\SelfService.WebApp.Client.csproj", "{F030A8C7-3F21-47DA-B198-4B13B5FE6523}"
EndProject
Project("{9A19103F-16F7-4668-BE54-9A1E7A4F7556}") = "SelfService.WebApp.Shared", "exercise1\SelfService.WebApp\Shared\SelfService.WebApp.Shared.csproj", "{7A87F400-79B0-458B-8B23-843C002CBB9E}"
EndProject
Project("{2150E333-8FDC-42A3-9474-1A3956D46DE8}") = "SelfServiceWebApp", "SelfServiceWebApp", "{2022503F-C48B-401D-9F6D-117A3650587C}"
EndProject
Project("{9A19103F-16F7-4668-BE54-9A1E7A4F7556}") = "WebApi", "exercise1\ConsumptionSubscriptionService\WebApi\WebApi.csproj", "{D8ABB72F-B23D-4856-8F66-A45522E963A1}"
EndProject
Project("{2150E333-8FDC-42A3-9474-1A3956D46DE8}") = "ConsumptionSubscriptionService", "ConsumptionSubscriptionService", "{D4E706AA-6303-471D-BCDF-FA77441B0E75}"
EndProject
Project("{9A19103F-16F7-4668-BE54-9A1E7A4F7556}") = "Contracts", "exercise1\ConsumptionSubscriptionService\Contracts\Contracts.csproj", "{0A484B52-2E82-4E5C-8ECF-3CC1029C386D}"
EndProject
Project("{2150E333-8FDC-42A3-9474-1A3956D46DE8}") = "CustomerProfileService", "CustomerProfileService", "{2A689821-CFE3-4F6C-BF38-1C2A44239D3C}"
EndProject
Project("{9A19103F-16F7-4668-BE54-9A1E7A4F7556}") = "WebApi", "exercise1\CustomerProfileService\WebApi\WebApi.csproj", "{2297549D-36A7-4BFB-9EF2-50B959271686}"
EndProject
Project("{9A19103F-16F7-4668-BE54-9A1E7A4F7556}") = "Contracts", "exercise1\CustomerProfileService\Contracts\Contracts.csproj", "{A17EFC4F-E908-47B7-BA4A-D8435585D8AF}"
EndProject
Project("{FAE04EC0-301F-11D3-BF4B-00C04F79EFBC}") = "Data", "exercise1\CustomerProfileService\Data\Data.csproj", "{26FB382D-B92D-401F-BA2A-8832026263A9}"
EndProject
Project("{FAE04EC0-301F-11D3-BF4B-00C04F79EFBC}") = "Models", "exercise1\CustomerProfileService\Models\Models.csproj", "{C92AFBF1-B8F7-42AC-8A1D-30535C7CAAFE}"
EndProject
Global
	GlobalSection(SolutionConfigurationPlatforms) = preSolution
		Debug|Any CPU = Debug|Any CPU
		Release|Any CPU = Release|Any CPU
	EndGlobalSection
	GlobalSection(ProjectConfigurationPlatforms) = postSolution
		{F876B540-6AA4-4AAD-B891-A9AC9F03F60A}.Debug|Any CPU.ActiveCfg = Debug|Any CPU
		{F876B540-6AA4-4AAD-B891-A9AC9F03F60A}.Debug|Any CPU.Build.0 = Debug|Any CPU
		{F876B540-6AA4-4AAD-B891-A9AC9F03F60A}.Release|Any CPU.ActiveCfg = Release|Any CPU
		{F876B540-6AA4-4AAD-B891-A9AC9F03F60A}.Release|Any CPU.Build.0 = Release|Any CPU
		{F030A8C7-3F21-47DA-B198-4B13B5FE6523}.Debug|Any CPU.ActiveCfg = Debug|Any CPU
		{F030A8C7-3F21-47DA-B198-4B13B5FE6523}.Debug|Any CPU.Build.0 = Debug|Any CPU
		{F030A8C7-3F21-47DA-B198-4B13B5FE6523}.Release|Any CPU.ActiveCfg = Release|Any CPU
		{F030A8C7-3F21-47DA-B198-4B13B5FE6523}.Release|Any CPU.Build.0 = Release|Any CPU
		{7A87F400-79B0-458B-8B23-843C002CBB9E}.Debug|Any CPU.ActiveCfg = Debug|Any CPU
		{7A87F400-79B0-458B-8B23-843C002CBB9E}.Debug|Any CPU.Build.0 = Debug|Any CPU
		{7A87F400-79B0-458B-8B23-843C002CBB9E}.Release|Any CPU.ActiveCfg = Release|Any CPU
		{7A87F400-79B0-458B-8B23-843C002CBB9E}.Release|Any CPU.Build.0 = Release|Any CPU
		{D8ABB72F-B23D-4856-8F66-A45522E963A1}.Debug|Any CPU.ActiveCfg = Debug|Any CPU
		{D8ABB72F-B23D-4856-8F66-A45522E963A1}.Debug|Any CPU.Build.0 = Debug|Any CPU
		{D8ABB72F-B23D-4856-8F66-A45522E963A1}.Release|Any CPU.ActiveCfg = Release|Any CPU
		{D8ABB72F-B23D-4856-8F66-A45522E963A1}.Release|Any CPU.Build.0 = Release|Any CPU
		{0A484B52-2E82-4E5C-8ECF-3CC1029C386D}.Debug|Any CPU.ActiveCfg = Debug|Any CPU
		{0A484B52-2E82-4E5C-8ECF-3CC1029C386D}.Debug|Any CPU.Build.0 = Debug|Any CPU
		{0A484B52-2E82-4E5C-8ECF-3CC1029C386D}.Release|Any CPU.ActiveCfg = Release|Any CPU
		{0A484B52-2E82-4E5C-8ECF-3CC1029C386D}.Release|Any CPU.Build.0 = Release|Any CPU
		{2297549D-36A7-4BFB-9EF2-50B959271686}.Debug|Any CPU.ActiveCfg = Debug|Any CPU
		{2297549D-36A7-4BFB-9EF2-50B959271686}.Debug|Any CPU.Build.0 = Debug|Any CPU
		{2297549D-36A7-4BFB-9EF2-50B959271686}.Release|Any CPU.ActiveCfg = Release|Any CPU
		{2297549D-36A7-4BFB-9EF2-50B959271686}.Release|Any CPU.Build.0 = Release|Any CPU
		{A17EFC4F-E908-47B7-BA4A-D8435585D8AF}.Debug|Any CPU.ActiveCfg = Debug|Any CPU
		{A17EFC4F-E908-47B7-BA4A-D8435585D8AF}.Debug|Any CPU.Build.0 = Debug|Any CPU
		{A17EFC4F-E908-47B7-BA4A-D8435585D8AF}.Release|Any CPU.ActiveCfg = Release|Any CPU
		{A17EFC4F-E908-47B7-BA4A-D8435585D8AF}.Release|Any CPU.Build.0 = Release|Any CPU
		{26FB382D-B92D-401F-BA2A-8832026263A9}.Debug|Any CPU.ActiveCfg = Debug|Any CPU
		{26FB382D-B92D-401F-BA2A-8832026263A9}.Debug|Any CPU.Build.0 = Debug|Any CPU
		{26FB382D-B92D-401F-BA2A-8832026263A9}.Release|Any CPU.ActiveCfg = Release|Any CPU
		{26FB382D-B92D-401F-BA2A-8832026263A9}.Release|Any CPU.Build.0 = Release|Any CPU
		{C92AFBF1-B8F7-42AC-8A1D-30535C7CAAFE}.Debug|Any CPU.ActiveCfg = Debug|Any CPU
		{C92AFBF1-B8F7-42AC-8A1D-30535C7CAAFE}.Debug|Any CPU.Build.0 = Debug|Any CPU
		{C92AFBF1-B8F7-42AC-8A1D-30535C7CAAFE}.Release|Any CPU.ActiveCfg = Release|Any CPU
		{C92AFBF1-B8F7-42AC-8A1D-30535C7CAAFE}.Release|Any CPU.Build.0 = Release|Any CPU
	EndGlobalSection
	GlobalSection(SolutionProperties) = preSolution
		HideSolutionNode = FALSE
	EndGlobalSection
	GlobalSection(NestedProjects) = preSolution
		{F876B540-6AA4-4AAD-B891-A9AC9F03F60A} = {2022503F-C48B-401D-9F6D-117A3650587C}
		{F030A8C7-3F21-47DA-B198-4B13B5FE6523} = {2022503F-C48B-401D-9F6D-117A3650587C}
		{7A87F400-79B0-458B-8B23-843C002CBB9E} = {2022503F-C48B-401D-9F6D-117A3650587C}
		{D8ABB72F-B23D-4856-8F66-A45522E963A1} = {D4E706AA-6303-471D-BCDF-FA77441B0E75}
		{0A484B52-2E82-4E5C-8ECF-3CC1029C386D} = {D4E706AA-6303-471D-BCDF-FA77441B0E75}
		{2297549D-36A7-4BFB-9EF2-50B959271686} = {2A689821-CFE3-4F6C-BF38-1C2A44239D3C}
		{A17EFC4F-E908-47B7-BA4A-D8435585D8AF} = {2A689821-CFE3-4F6C-BF38-1C2A44239D3C}
		{26FB382D-B92D-401F-BA2A-8832026263A9} = {2A689821-CFE3-4F6C-BF38-1C2A44239D3C}
		{C92AFBF1-B8F7-42AC-8A1D-30535C7CAAFE} = {2A689821-CFE3-4F6C-BF38-1C2A44239D3C}
	EndGlobalSection
	GlobalSection(ExtensibilityGlobals) = postSolution
		SolutionGuid = {6765891C-426F-4410-8BF6-420089B76037}
	EndGlobalSection
EndGlobal
